
Microsoft Visual Studio Solution File, Format Version 12.00
# Visual Studio Version 17
VisualStudioVersion = 17.0.31903.59
MinimumVisualStudioVersion = 10.0.40219.1
Project("{FAE04EC0-301F-11D3-BF4B-00C04F79EFBC}") = "cartelemetry.core", "cartelemetry.core\cartelemetry.core.csproj", "{1D5A40A4-8760-4F6E-ADB2-9BE445043759}"
EndProject
Project("{FAE04EC0-301F-11D3-BF4B-00C04F79EFBC}") = "cartelemetry.desktop", "cartelemetry.desktop\cartelemetry.desktop.csproj", "{F3F8BB57-13A5-4E7F-AD8D-899CF91E6F39}"
EndProject
Project("{FAE04EC0-301F-11D3-BF4B-00C04F79EFBC}") = "cartelemetry.relay", "cartelemetry.relay\cartelemetry.relay.csproj", "{65DBC58F-631E-428E-ABC6-2D9A4073F53C}"
EndProject
Project("{FAE04EC0-301F-11D3-BF4B-00C04F79EFBC}") = "cartelemetry.agent", "cartelemetry.agent\cartelemetry.agent.csproj", "{BCD97CB5-0948-46D3-8732-0D5DA9DAFFA7}"
EndProject
Project("{FAE04EC0-301F-11D3-BF4B-00C04F79EFBC}") = "cartelemetry.webapp", "cartelemetry.webapp\cartelemetry.webapp.csproj", "{79E55FEA-3A18-4370-A2F9-181932EA86DE}"
EndProject
Global
	GlobalSection(SolutionConfigurationPlatforms) = preSolution
		Debug|Any CPU = Debug|Any CPU
		Debug|x64 = Debug|x64
		Debug|x86 = Debug|x86
		Release|Any CPU = Release|Any CPU
		Release|x64 = Release|x64
		Release|x86 = Release|x86
	EndGlobalSection
	GlobalSection(ProjectConfigurationPlatforms) = postSolution
		{1D5A40A4-8760-4F6E-ADB2-9BE445043759}.Debug|Any CPU.ActiveCfg = Debug|Any CPU
		{1D5A40A4-8760-4F6E-ADB2-9BE445043759}.Debug|Any CPU.Build.0 = Debug|Any CPU
		{1D5A40A4-8760-4F6E-ADB2-9BE445043759}.Debug|x64.ActiveCfg = Debug|Any CPU
		{1D5A40A4-8760-4F6E-ADB2-9BE445043759}.Debug|x64.Build.0 = Debug|Any CPU
		{1D5A40A4-8760-4F6E-ADB2-9BE445043759}.Debug|x86.ActiveCfg = Debug|Any CPU
		{1D5A40A4-8760-4F6E-ADB2-9BE445043759}.Debug|x86.Build.0 = Debug|Any CPU
		{1D5A40A4-8760-4F6E-ADB2-9BE445043759}.Release|Any CPU.ActiveCfg = Release|Any CPU
		{1D5A40A4-8760-4F6E-ADB2-9BE445043759}.Release|Any CPU.Build.0 = Release|Any CPU
		{1D5A40A4-8760-4F6E-ADB2-9BE445043759}.Release|x64.ActiveCfg = Release|Any CPU
		{1D5A40A4-8760-4F6E-ADB2-9BE445043759}.Release|x64.Build.0 = Release|Any CPU
		{1D5A40A4-8760-4F6E-ADB2-9BE445043759}.Release|x86.ActiveCfg = Release|Any CPU
		{1D5A40A4-8760-4F6E-ADB2-9BE445043759}.Release|x86.Build.0 = Release|Any CPU
		{F3F8BB57-13A5-4E7F-AD8D-899CF91E6F39}.Debug|Any CPU.ActiveCfg = Debug|Any CPU
		{F3F8BB57-13A5-4E7F-AD8D-899CF91E6F39}.Debug|Any CPU.Build.0 = Debug|Any CPU
		{F3F8BB57-13A5-4E7F-AD8D-899CF91E6F39}.Debug|x64.ActiveCfg = Debug|Any CPU
		{F3F8BB57-13A5-4E7F-AD8D-899CF91E6F39}.Debug|x64.Build.0 = Debug|Any CPU
		{F3F8BB57-13A5-4E7F-AD8D-899CF91E6F39}.Debug|x86.ActiveCfg = Debug|Any CPU
		{F3F8BB57-13A5-4E7F-AD8D-899CF91E6F39}.Debug|x86.Build.0 = Debug|Any CPU
		{F3F8BB57-13A5-4E7F-AD8D-899CF91E6F39}.Release|Any CPU.ActiveCfg = Release|Any CPU
		{F3F8BB57-13A5-4E7F-AD8D-899CF91E6F39}.Release|Any CPU.Build.0 = Release|Any CPU
		{F3F8BB57-13A5-4E7F-AD8D-899CF91E6F39}.Release|x64.ActiveCfg = Release|Any CPU
		{F3F8BB57-13A5-4E7F-AD8D-899CF91E6F39}.Release|x64.Build.0 = Release|Any CPU
		{F3F8BB57-13A5-4E7F-AD8D-899CF91E6F39}.Release|x86.ActiveCfg = Release|Any CPU
		{F3F8BB57-13A5-4E7F-AD8D-899CF91E6F39}.Release|x86.Build.0 = Release|Any CPU
		{65DBC58F-631E-428E-ABC6-2D9A4073F53C}.Debug|Any CPU.ActiveCfg = Debug|Any CPU
		{65DBC58F-631E-428E-ABC6-2D9A4073F53C}.Debug|Any CPU.Build.0 = Debug|Any CPU
		{65DBC58F-631E-428E-ABC6-2D9A4073F53C}.Debug|x64.ActiveCfg = Debug|Any CPU
		{65DBC58F-631E-428E-ABC6-2D9A4073F53C}.Debug|x64.Build.0 = Debug|Any CPU
		{65DBC58F-631E-428E-ABC6-2D9A4073F53C}.Debug|x86.ActiveCfg = Debug|Any CPU
		{65DBC58F-631E-428E-ABC6-2D9A4073F53C}.Debug|x86.Build.0 = Debug|Any CPU
		{65DBC58F-631E-428E-ABC6-2D9A4073F53C}.Release|Any CPU.ActiveCfg = Release|Any CPU
		{65DBC58F-631E-428E-ABC6-2D9A4073F53C}.Release|Any CPU.Build.0 = Release|Any CPU
		{65DBC58F-631E-428E-ABC6-2D9A4073F53C}.Release|x64.ActiveCfg = Release|Any CPU
		{65DBC58F-631E-428E-ABC6-2D9A4073F53C}.Release|x64.Build.0 = Release|Any CPU
		{65DBC58F-631E-428E-ABC6-2D9A4073F53C}.Release|x86.ActiveCfg = Release|Any CPU
		{65DBC58F-631E-428E-ABC6-2D9A4073F53C}.Release|x86.Build.0 = Release|Any CPU
		{BCD97CB5-0948-46D3-8732-0D5DA9DAFFA7}.Debug|Any CPU.ActiveCfg = Debug|Any CPU
		{BCD97CB5-0948-46D3-8732-0D5DA9DAFFA7}.Debug|Any CPU.Build.0 = Debug|Any CPU
		{BCD97CB5-0948-46D3-8732-0D5DA9DAFFA7}.Debug|x64.ActiveCfg = Debug|Any CPU
		{BCD97CB5-0948-46D3-8732-0D5DA9DAFFA7}.Debug|x64.Build.0 = Debug|Any CPU
		{BCD97CB5-0948-46D3-8732-0D5DA9DAFFA7}.Debug|x86.ActiveCfg = Debug|Any CPU
		{BCD97CB5-0948-46D3-8732-0D5DA9DAFFA7}.Debug|x86.Build.0 = Debug|Any CPU
		{BCD97CB5-0948-46D3-8732-0D5DA9DAFFA7}.Release|Any CPU.ActiveCfg = Release|Any CPU
		{BCD97CB5-0948-46D3-8732-0D5DA9DAFFA7}.Release|Any CPU.Build.0 = Release|Any CPU
		{BCD97CB5-0948-46D3-8732-0D5DA9DAFFA7}.Release|x64.ActiveCfg = Release|Any CPU
		{BCD97CB5-0948-46D3-8732-0D5DA9DAFFA7}.Release|x64.Build.0 = Release|Any CPU
		{BCD97CB5-0948-46D3-8732-0D5DA9DAFFA7}.Release|x86.ActiveCfg = Release|Any CPU
		{BCD97CB5-0948-46D3-8732-0D5DA9DAFFA7}.Release|x86.Build.0 = Release|Any CPU
		{79E55FEA-3A18-4370-A2F9-181932EA86DE}.Debug|Any CPU.ActiveCfg = Debug|Any CPU
		{79E55FEA-3A18-4370-A2F9-181932EA86DE}.Debug|Any CPU.Build.0 = Debug|Any CPU
		{79E55FEA-3A18-4370-A2F9-181932EA86DE}.Debug|x64.ActiveCfg = Debug|Any CPU
		{79E55FEA-3A18-4370-A2F9-181932EA86DE}.Debug|x64.Build.0 = Debug|Any CPU
		{79E55FEA-3A18-4370-A2F9-181932EA86DE}.Debug|x86.ActiveCfg = Debug|Any CPU
		{79E55FEA-3A18-4370-A2F9-181932EA86DE}.Debug|x86.Build.0 = Debug|Any CPU
		{79E55FEA-3A18-4370-A2F9-181932EA86DE}.Release|Any CPU.ActiveCfg = Release|Any CPU
		{79E55FEA-3A18-4370-A2F9-181932EA86DE}.Release|Any CPU.Build.0 = Release|Any CPU
		{79E55FEA-3A18-4370-A2F9-181932EA86DE}.Release|x64.ActiveCfg = Release|Any CPU
		{79E55FEA-3A18-4370-A2F9-181932EA86DE}.Release|x64.Build.0 = Release|Any CPU
		{79E55FEA-3A18-4370-A2F9-181932EA86DE}.Release|x86.ActiveCfg = Release|Any CPU
		{79E55FEA-3A18-4370-A2F9-181932EA86DE}.Release|x86.Build.0 = Release|Any CPU
	EndGlobalSection
	GlobalSection(SolutionProperties) = preSolution
		HideSolutionNode = FALSE
	EndGlobalSection
EndGlobal
